
Microsoft Visual Studio Solution File, Format Version 12.00
# Visual Studio Version 17
VisualStudioVersion = 17.9.34622.214
MinimumVisualStudioVersion = 10.0.40219.1
Project("{9A19103F-16F7-4668-BE54-9A1E7A4F7556}") = "2SzemelyesBeadando", "2SzemelyesBeadando\2SzemelyesBeadando.csproj", "{6C1D5CA7-0C18-47EB-9C44-00F34B6ED216}"
EndProject
Project("{9A19103F-16F7-4668-BE54-9A1E7A4F7556}") = "1SzemelyesBeadando", "1SzemelyesBeadando\1SzemelyesBeadando.csproj", "{A06462DC-AD2C-412E-8B1F-3808FB8ED141}"
EndProject
Global
	GlobalSection(SolutionConfigurationPlatforms) = preSolution
		Debug|Any CPU = Debug|Any CPU
		Release|Any CPU = Release|Any CPU
	EndGlobalSection
	GlobalSection(ProjectConfigurationPlatforms) = postSolution
		{6C1D5CA7-0C18-47EB-9C44-00F34B6ED216}.Debug|Any CPU.ActiveCfg = Debug|Any CPU
		{6C1D5CA7-0C18-47EB-9C44-00F34B6ED216}.Debug|Any CPU.Build.0 = Debug|Any CPU
		{6C1D5CA7-0C18-47EB-9C44-00F34B6ED216}.Release|Any CPU.ActiveCfg = Release|Any CPU
		{6C1D5CA7-0C18-47EB-9C44-00F34B6ED216}.Release|Any CPU.Build.0 = Release|Any CPU
		{A06462DC-AD2C-412E-8B1F-3808FB8ED141}.Debug|Any CPU.ActiveCfg = Debug|Any CPU
		{A06462DC-AD2C-412E-8B1F-3808FB8ED141}.Debug|Any CPU.Build.0 = Debug|Any CPU
		{A06462DC-AD2C-412E-8B1F-3808FB8ED141}.Release|Any CPU.ActiveCfg = Release|Any CPU
		{A06462DC-AD2C-412E-8B1F-3808FB8ED141}.Release|Any CPU.Build.0 = Release|Any CPU
	EndGlobalSection
	GlobalSection(SolutionProperties) = preSolution
		HideSolutionNode = FALSE
	EndGlobalSection
	GlobalSection(ExtensibilityGlobals) = postSolution
		SolutionGuid = {D1B8B5B4-9E57-42C7-A618-238254C06CD6}
	EndGlobalSection
EndGlobal
